
Microsoft Visual Studio Solution File, Format Version 12.00
# Visual Studio Version 16
VisualStudioVersion = 16.0.29025.244
MinimumVisualStudioVersion = 10.0.40219.1
Project("{FAE04EC0-301F-11D3-BF4B-00C04F79EFBC}") = "ExpressionEvaluator", "ExpressionEvaluator\ExpressionEvaluator.csproj", "{BD0E105D-2BEB-403F-950C-5BF5D90D5CBD}"
EndProject
Project("{FAE04EC0-301F-11D3-BF4B-00C04F79EFBC}") = "TestExpressionEvaluator", "TestExpressionEvaluator\TestExpressionEvaluator.csproj", "{75DB38D1-33A8-4E0C-BF2B-FDD7BA9079CB}"
EndProject
Global
	GlobalSection(SolutionConfigurationPlatforms) = preSolution
		Debug|Any CPU = Debug|Any CPU
		Release|Any CPU = Release|Any CPU
	EndGlobalSection
	GlobalSection(ProjectConfigurationPlatforms) = postSolution
		{BD0E105D-2BEB-403F-950C-5BF5D90D5CBD}.Debug|Any CPU.ActiveCfg = Debug|Any CPU
		{BD0E105D-2BEB-403F-950C-5BF5D90D5CBD}.Debug|Any CPU.Build.0 = Debug|Any CPU
		{BD0E105D-2BEB-403F-950C-5BF5D90D5CBD}.Release|Any CPU.ActiveCfg = Release|Any CPU
		{BD0E105D-2BEB-403F-950C-5BF5D90D5CBD}.Release|Any CPU.Build.0 = Release|Any CPU
		{75DB38D1-33A8-4E0C-BF2B-FDD7BA9079CB}.Debug|Any CPU.ActiveCfg = Debug|Any CPU
		{75DB38D1-33A8-4E0C-BF2B-FDD7BA9079CB}.Debug|Any CPU.Build.0 = Debug|Any CPU
		{75DB38D1-33A8-4E0C-BF2B-FDD7BA9079CB}.Release|Any CPU.ActiveCfg = Release|Any CPU
		{75DB38D1-33A8-4E0C-BF2B-FDD7BA9079CB}.Release|Any CPU.Build.0 = Release|Any CPU
	EndGlobalSection
	GlobalSection(SolutionProperties) = preSolution
		HideSolutionNode = FALSE
	EndGlobalSection
	GlobalSection(ExtensibilityGlobals) = postSolution
		SolutionGuid = {28451CCB-8043-4C0C-A134-53EF380A6050}
	EndGlobalSection
EndGlobal
