
Microsoft Visual Studio Solution File, Format Version 12.00
# Visual Studio Version 17
VisualStudioVersion = 17.12.35521.163 d17.12
MinimumVisualStudioVersion = 10.0.40219.1
Project("{9A19103F-16F7-4668-BE54-9A1E7A4F7556}") = "ExpressionEvaluator", "ExpressionEvaluator\ExpressionEvaluator.csproj", "{BD0E105D-2BEB-403F-950C-5BF5D90D5CBD}"
EndProject
Project("{FAE04EC0-301F-11D3-BF4B-00C04F79EFBC}") = "ExpressionEvaluatorTests", "ExpressionEvaluatorTests\ExpressionEvaluatorTests.csproj", "{149DBEEB-F5FB-425B-8353-2C5D0EAB126F}"
EndProject
Global
	GlobalSection(SolutionConfigurationPlatforms) = preSolution
		Debug|Any CPU = Debug|Any CPU
		Release|Any CPU = Release|Any CPU
	EndGlobalSection
	GlobalSection(ProjectConfigurationPlatforms) = postSolution
		{BD0E105D-2BEB-403F-950C-5BF5D90D5CBD}.Debug|Any CPU.ActiveCfg = Debug|Any CPU
		{BD0E105D-2BEB-403F-950C-5BF5D90D5CBD}.Debug|Any CPU.Build.0 = Debug|Any CPU
		{BD0E105D-2BEB-403F-950C-5BF5D90D5CBD}.Release|Any CPU.ActiveCfg = Release|Any CPU
		{BD0E105D-2BEB-403F-950C-5BF5D90D5CBD}.Release|Any CPU.Build.0 = Release|Any CPU
		{149DBEEB-F5FB-425B-8353-2C5D0EAB126F}.Debug|Any CPU.ActiveCfg = Debug|Any CPU
		{149DBEEB-F5FB-425B-8353-2C5D0EAB126F}.Debug|Any CPU.Build.0 = Debug|Any CPU
		{149DBEEB-F5FB-425B-8353-2C5D0EAB126F}.Release|Any CPU.ActiveCfg = Release|Any CPU
		{149DBEEB-F5FB-425B-8353-2C5D0EAB126F}.Release|Any CPU.Build.0 = Release|Any CPU
	EndGlobalSection
	GlobalSection(SolutionProperties) = preSolution
		HideSolutionNode = FALSE
	EndGlobalSection
	GlobalSection(ExtensibilityGlobals) = postSolution
		SolutionGuid = {28451CCB-8043-4C0C-A134-53EF380A6050}
	EndGlobalSection
EndGlobal
